<?xml version="1.0" encoding="utf-8"?>
<Project ToolsVersion="4.0" xmlns="http://schemas.microsoft.com/developer/msbuild/2003">
  <ItemGroup>
    <Filter Include="Source Files">
      <UniqueIdentifier>{4FC737F1-C7A5-4376-A066-2A32D752A2FF}</UniqueIdentifier>
      <Extensions>cpp;c;cc;cxx;def;odl;idl;hpj;bat;asm;asmx</Extensions>
    </Filter>
    <Filter Include="Header Files">
      <UniqueIdentifier>{93995380-89BD-4b04-88EB-625FBE52EBFB}</UniqueIdentifier>
      <Extensions>h;hh;hpp;hxx;hm;inl;inc;xsd</Extensions>
    </Filter>
    <Filter Include="Resource Files">
      <UniqueIdentifier>{67DA6AB6-F800-4c08-8B7A-83BB121AAD01}</UniqueIdentifier>
      <Extensions>rc;ico;cur;bmp;dlg;rc2;rct;bin;rgs;gif;jpg;jpeg;jpe;resx;tiff;tif;png;wav;mfcribbon-ms</Extensions>
    </Filter>
    <Filter Include="Header Files\OutcomePresenter">
      <UniqueIdentifier>{9da097d3-3afd-490a-843c-eda33772382c}</UniqueIdentifier>
    </Filter>
    <Filter Include="Header Files\DataLoader">
      <UniqueIdentifier>{4ababea3-1b65-4979-9ab8-a90720912a64}</UniqueIdentifier>
    </Filter>
    <Filter Include="Header Files\FragLocator">
      <UniqueIdentifier>{f98a2d79-bed5-44f4-ba40-963e52472bc2}</UniqueIdentifier>
    </Filter>
    <Filter Include="Header Files\Globals">
      <UniqueIdentifier>{ff0a79a3-a68e-4c38-b5f5-4f5bc811f32f}</UniqueIdentifier>
    </Filter>
    <Filter Include="Header Files\Interface">
      <UniqueIdentifier>{1691b12e-ea0b-4c7d-a015-751ba4075a83}</UniqueIdentifier>
    </Filter>
    <Filter Include="Header Files\DataUnits">
      <UniqueIdentifier>{967386c4-b9f7-44fa-b4fa-b14941c6c750}</UniqueIdentifier>
    </Filter>
  </ItemGroup>
  <ItemGroup>
    <ClCompile Include="MyForm.cpp">
      <Filter>Source Files</Filter>
    </ClCompile>
    <ClCompile Include="MessageWindow.cpp">
      <Filter>Header Files\Interface</Filter>
    </ClCompile>
    <ClCompile Include="Deformator.cpp">
      <Filter>Header Files</Filter>
    </ClCompile>
    <ClCompile Include="locationParams.cpp">
      <Filter>Header Files\DataLoader</Filter>
    </ClCompile>
    <ClCompile Include="PlotCanvas.cpp">
      <Filter>Header Files\OutcomePresenter</Filter>
    </ClCompile>
  </ItemGroup>
  <ItemGroup>
    <ClInclude Include="MyForm.h">
      <Filter>Header Files</Filter>
    </ClInclude>
    <ClInclude Include="MessageWindow.h">
      <Filter>Header Files\Interface</Filter>
    </ClInclude>
    <ClInclude Include="DataLoader.h">
      <Filter>Header Files\DataLoader</Filter>
    </ClInclude>
    <ClInclude Include="Frame.h">
      <Filter>Header Files\DataUnits</Filter>
    </ClInclude>
    <ClInclude Include="MasPicConvn.h">
      <Filter>Header Files</Filter>
    </ClInclude>
    <ClInclude Include="Globals.h">
      <Filter>Header Files\Globals</Filter>
    </ClInclude>
    <ClInclude Include="Deformator.h">
      <Filter>Header Files</Filter>
    </ClInclude>
    <ClInclude Include="locationParams.h">
      <Filter>Header Files\DataLoader</Filter>
    </ClInclude>
    <ClInclude Include="resource.h">
      <Filter>Header Files</Filter>
    </ClInclude>
    <ClInclude Include="LocSamp.h">
      <Filter>Header Files\DataUnits</Filter>
    </ClInclude>
    <ClInclude Include="PGP.h">
      <Filter>Header Files\DataUnits</Filter>
    </ClInclude>
    <ClInclude Include="Interpolator.h">
      <Filter>Header Files</Filter>
    </ClInclude>
    <ClInclude Include="SKMREstimator.h">
      <Filter>Header Files\FragLocator</Filter>
    </ClInclude>
    <ClInclude Include="MIEstimator.h">
      <Filter>Header Files\FragLocator</Filter>
    </ClInclude>
    <ClInclude Include="VKMKEstimator.h">
      <Filter>Header Files\FragLocator</Filter>
    </ClInclude>
    <ClInclude Include="SKMRCalculator.h">
      <Filter>Header Files\FragLocator</Filter>
    </ClInclude>
    <ClInclude Include="VKMKCalculator.h">
      <Filter>Header Files\FragLocator</Filter>
    </ClInclude>
    <ClInclude Include="MICalculator.h">
      <Filter>Header Files\FragLocator</Filter>
    </ClInclude>
    <ClInclude Include="Grid.h">
      <Filter>Header Files\DataUnits</Filter>
    </ClInclude>
    <ClInclude Include="VerIndexCalculator.h">
      <Filter>Header Files\FragLocator</Filter>
    </ClInclude>
    <ClInclude Include="FragBoundsDrawer.h">
      <Filter>Header Files\OutcomePresenter</Filter>
    </ClInclude>
    <ClInclude Include="OutDataCollector.h">
      <Filter>Header Files\OutcomePresenter</Filter>
    </ClInclude>
    <ClInclude Include="PlotCanvas.h">
      <Filter>Header Files\OutcomePresenter</Filter>
    </ClInclude>
    <ClInclude Include="Plotter.h">
      <Filter>Header Files\OutcomePresenter</Filter>
    </ClInclude>
  </ItemGroup>
  <ItemGroup>
    <EmbeddedResource Include="MyForm.resx">
      <Filter>Resource Files</Filter>
    </EmbeddedResource>
    <EmbeddedResource Include="MessageWindow.resx">
      <Filter>Resource Files</Filter>
    </EmbeddedResource>
    <EmbeddedResource Include="locationParams.resx">
      <Filter>Resource Files</Filter>
    </EmbeddedResource>
  </ItemGroup>
  <ItemGroup>
    <ResourceCompile Include="AFS.rc">
      <Filter>Resource Files</Filter>
    </ResourceCompile>
  </ItemGroup>
  <ItemGroup>
    <Text Include="..\srcfiles\RM.txt">
      <Filter>Source Files</Filter>
    </Text>
  </ItemGroup>
</Project>